
Microsoft Visual Studio Solution File, Format Version 12.00
Project("{FAE04EC0-301F-11D3-BF4B-00C04F79EFBC}") = "NUnitTestAdapterIssueRepro", "NUnitTestAdapterIssueRepro\NUnitTestAdapterIssueRepro.csproj", "{B5C0D7C9-7069-40B8-9D93-09831E4F14CF}"
EndProject
Global
	GlobalSection(SolutionConfigurationPlatforms) = preSolution
		Debug|Any CPU = Debug|Any CPU
		Release|Any CPU = Release|Any CPU
	EndGlobalSection
	GlobalSection(ProjectConfigurationPlatforms) = postSolution
		{B5C0D7C9-7069-40B8-9D93-09831E4F14CF}.Debug|Any CPU.ActiveCfg = Debug|Any CPU
		{B5C0D7C9-7069-40B8-9D93-09831E4F14CF}.Debug|Any CPU.Build.0 = Debug|Any CPU
		{B5C0D7C9-7069-40B8-9D93-09831E4F14CF}.Release|Any CPU.ActiveCfg = Release|Any CPU
		{B5C0D7C9-7069-40B8-9D93-09831E4F14CF}.Release|Any CPU.Build.0 = Release|Any CPU
	EndGlobalSection
EndGlobal
